
Microsoft Visual Studio Solution File, Format Version 12.00
# Visual Studio 15
VisualStudioVersion = 15.0.26124.0
MinimumVisualStudioVersion = 15.0.26124.0
Project("{FAE04EC0-301F-11D3-BF4B-00C04F79EFBC}") = "Presentation", "Presentation\Presentation.csproj", "{C1DC5691-3C19-4C63-BE6E-9E1FA3A13742}"
EndProject
Project("{FAE04EC0-301F-11D3-BF4B-00C04F79EFBC}") = "Common", "Common\Common.csproj", "{02CD9F15-C9FD-48B2-A1AC-7A4A3DEE7CC8}"
EndProject
Project("{FAE04EC0-301F-11D3-BF4B-00C04F79EFBC}") = "Application", "Application\Application.csproj", "{1A1135E0-DA68-4DCA-AFA6-EE891E7F5F9F}"
EndProject
Project("{FAE04EC0-301F-11D3-BF4B-00C04F79EFBC}") = "Domain", "Domain\Domain.csproj", "{BFC41AF7-999B-4CBE-83F7-F787C54337E1}"
EndProject
Project("{FAE04EC0-301F-11D3-BF4B-00C04F79EFBC}") = "Infrastructure", "Infrastructure\Infrastructure.csproj", "{921C04DC-BF9E-4F6E-BD16-E2C0B14B0688}"
EndProject
Project("{FAE04EC0-301F-11D3-BF4B-00C04F79EFBC}") = "Tests", "Tests\Tests.csproj", "{7D1DC082-5DBA-4F1A-B6A4-E7C8ACCA457D}"
EndProject
Project("{FAE04EC0-301F-11D3-BF4B-00C04F79EFBC}") = "Specification", "Specification\Specification.csproj", "{648AE39A-F645-4D15-B60E-E39BC45F99D3}"
EndProject
Global
	GlobalSection(SolutionConfigurationPlatforms) = preSolution
		Debug|Any CPU = Debug|Any CPU
		Debug|x64 = Debug|x64
		Debug|x86 = Debug|x86
		Release|Any CPU = Release|Any CPU
		Release|x64 = Release|x64
		Release|x86 = Release|x86
	EndGlobalSection
	GlobalSection(SolutionProperties) = preSolution
		HideSolutionNode = FALSE
	EndGlobalSection
	GlobalSection(ProjectConfigurationPlatforms) = postSolution
		{C1DC5691-3C19-4C63-BE6E-9E1FA3A13742}.Debug|Any CPU.ActiveCfg = Debug|Any CPU
		{C1DC5691-3C19-4C63-BE6E-9E1FA3A13742}.Debug|Any CPU.Build.0 = Debug|Any CPU
		{C1DC5691-3C19-4C63-BE6E-9E1FA3A13742}.Debug|x64.ActiveCfg = Debug|Any CPU
		{C1DC5691-3C19-4C63-BE6E-9E1FA3A13742}.Debug|x64.Build.0 = Debug|Any CPU
		{C1DC5691-3C19-4C63-BE6E-9E1FA3A13742}.Debug|x86.ActiveCfg = Debug|Any CPU
		{C1DC5691-3C19-4C63-BE6E-9E1FA3A13742}.Debug|x86.Build.0 = Debug|Any CPU
		{C1DC5691-3C19-4C63-BE6E-9E1FA3A13742}.Release|Any CPU.ActiveCfg = Release|Any CPU
		{C1DC5691-3C19-4C63-BE6E-9E1FA3A13742}.Release|Any CPU.Build.0 = Release|Any CPU
		{C1DC5691-3C19-4C63-BE6E-9E1FA3A13742}.Release|x64.ActiveCfg = Release|Any CPU
		{C1DC5691-3C19-4C63-BE6E-9E1FA3A13742}.Release|x64.Build.0 = Release|Any CPU
		{C1DC5691-3C19-4C63-BE6E-9E1FA3A13742}.Release|x86.ActiveCfg = Release|Any CPU
		{C1DC5691-3C19-4C63-BE6E-9E1FA3A13742}.Release|x86.Build.0 = Release|Any CPU
		{02CD9F15-C9FD-48B2-A1AC-7A4A3DEE7CC8}.Debug|Any CPU.ActiveCfg = Debug|Any CPU
		{02CD9F15-C9FD-48B2-A1AC-7A4A3DEE7CC8}.Debug|Any CPU.Build.0 = Debug|Any CPU
		{02CD9F15-C9FD-48B2-A1AC-7A4A3DEE7CC8}.Debug|x64.ActiveCfg = Debug|Any CPU
		{02CD9F15-C9FD-48B2-A1AC-7A4A3DEE7CC8}.Debug|x64.Build.0 = Debug|Any CPU
		{02CD9F15-C9FD-48B2-A1AC-7A4A3DEE7CC8}.Debug|x86.ActiveCfg = Debug|Any CPU
		{02CD9F15-C9FD-48B2-A1AC-7A4A3DEE7CC8}.Debug|x86.Build.0 = Debug|Any CPU
		{02CD9F15-C9FD-48B2-A1AC-7A4A3DEE7CC8}.Release|Any CPU.ActiveCfg = Release|Any CPU
		{02CD9F15-C9FD-48B2-A1AC-7A4A3DEE7CC8}.Release|Any CPU.Build.0 = Release|Any CPU
		{02CD9F15-C9FD-48B2-A1AC-7A4A3DEE7CC8}.Release|x64.ActiveCfg = Release|Any CPU
		{02CD9F15-C9FD-48B2-A1AC-7A4A3DEE7CC8}.Release|x64.Build.0 = Release|Any CPU
		{02CD9F15-C9FD-48B2-A1AC-7A4A3DEE7CC8}.Release|x86.ActiveCfg = Release|Any CPU
		{02CD9F15-C9FD-48B2-A1AC-7A4A3DEE7CC8}.Release|x86.Build.0 = Release|Any CPU
		{1A1135E0-DA68-4DCA-AFA6-EE891E7F5F9F}.Debug|Any CPU.ActiveCfg = Debug|Any CPU
		{1A1135E0-DA68-4DCA-AFA6-EE891E7F5F9F}.Debug|Any CPU.Build.0 = Debug|Any CPU
		{1A1135E0-DA68-4DCA-AFA6-EE891E7F5F9F}.Debug|x64.ActiveCfg = Debug|Any CPU
		{1A1135E0-DA68-4DCA-AFA6-EE891E7F5F9F}.Debug|x64.Build.0 = Debug|Any CPU
		{1A1135E0-DA68-4DCA-AFA6-EE891E7F5F9F}.Debug|x86.ActiveCfg = Debug|Any CPU
		{1A1135E0-DA68-4DCA-AFA6-EE891E7F5F9F}.Debug|x86.Build.0 = Debug|Any CPU
		{1A1135E0-DA68-4DCA-AFA6-EE891E7F5F9F}.Release|Any CPU.ActiveCfg = Release|Any CPU
		{1A1135E0-DA68-4DCA-AFA6-EE891E7F5F9F}.Release|Any CPU.Build.0 = Release|Any CPU
		{1A1135E0-DA68-4DCA-AFA6-EE891E7F5F9F}.Release|x64.ActiveCfg = Release|Any CPU
		{1A1135E0-DA68-4DCA-AFA6-EE891E7F5F9F}.Release|x64.Build.0 = Release|Any CPU
		{1A1135E0-DA68-4DCA-AFA6-EE891E7F5F9F}.Release|x86.ActiveCfg = Release|Any CPU
		{1A1135E0-DA68-4DCA-AFA6-EE891E7F5F9F}.Release|x86.Build.0 = Release|Any CPU
		{BFC41AF7-999B-4CBE-83F7-F787C54337E1}.Debug|Any CPU.ActiveCfg = Debug|Any CPU
		{BFC41AF7-999B-4CBE-83F7-F787C54337E1}.Debug|Any CPU.Build.0 = Debug|Any CPU
		{BFC41AF7-999B-4CBE-83F7-F787C54337E1}.Debug|x64.ActiveCfg = Debug|Any CPU
		{BFC41AF7-999B-4CBE-83F7-F787C54337E1}.Debug|x64.Build.0 = Debug|Any CPU
		{BFC41AF7-999B-4CBE-83F7-F787C54337E1}.Debug|x86.ActiveCfg = Debug|Any CPU
		{BFC41AF7-999B-4CBE-83F7-F787C54337E1}.Debug|x86.Build.0 = Debug|Any CPU
		{BFC41AF7-999B-4CBE-83F7-F787C54337E1}.Release|Any CPU.ActiveCfg = Release|Any CPU
		{BFC41AF7-999B-4CBE-83F7-F787C54337E1}.Release|Any CPU.Build.0 = Release|Any CPU
		{BFC41AF7-999B-4CBE-83F7-F787C54337E1}.Release|x64.ActiveCfg = Release|Any CPU
		{BFC41AF7-999B-4CBE-83F7-F787C54337E1}.Release|x64.Build.0 = Release|Any CPU
		{BFC41AF7-999B-4CBE-83F7-F787C54337E1}.Release|x86.ActiveCfg = Release|Any CPU
		{BFC41AF7-999B-4CBE-83F7-F787C54337E1}.Release|x86.Build.0 = Release|Any CPU
		{921C04DC-BF9E-4F6E-BD16-E2C0B14B0688}.Debug|Any CPU.ActiveCfg = Debug|Any CPU
		{921C04DC-BF9E-4F6E-BD16-E2C0B14B0688}.Debug|Any CPU.Build.0 = Debug|Any CPU
		{921C04DC-BF9E-4F6E-BD16-E2C0B14B0688}.Debug|x64.ActiveCfg = Debug|Any CPU
		{921C04DC-BF9E-4F6E-BD16-E2C0B14B0688}.Debug|x64.Build.0 = Debug|Any CPU
		{921C04DC-BF9E-4F6E-BD16-E2C0B14B0688}.Debug|x86.ActiveCfg = Debug|Any CPU
		{921C04DC-BF9E-4F6E-BD16-E2C0B14B0688}.Debug|x86.Build.0 = Debug|Any CPU
		{921C04DC-BF9E-4F6E-BD16-E2C0B14B0688}.Release|Any CPU.ActiveCfg = Release|Any CPU
		{921C04DC-BF9E-4F6E-BD16-E2C0B14B0688}.Release|Any CPU.Build.0 = Release|Any CPU
		{921C04DC-BF9E-4F6E-BD16-E2C0B14B0688}.Release|x64.ActiveCfg = Release|Any CPU
		{921C04DC-BF9E-4F6E-BD16-E2C0B14B0688}.Release|x64.Build.0 = Release|Any CPU
		{921C04DC-BF9E-4F6E-BD16-E2C0B14B0688}.Release|x86.ActiveCfg = Release|Any CPU
		{921C04DC-BF9E-4F6E-BD16-E2C0B14B0688}.Release|x86.Build.0 = Release|Any CPU
		{7D1DC082-5DBA-4F1A-B6A4-E7C8ACCA457D}.Debug|Any CPU.ActiveCfg = Debug|Any CPU
		{7D1DC082-5DBA-4F1A-B6A4-E7C8ACCA457D}.Debug|Any CPU.Build.0 = Debug|Any CPU
		{7D1DC082-5DBA-4F1A-B6A4-E7C8ACCA457D}.Debug|x64.ActiveCfg = Debug|Any CPU
		{7D1DC082-5DBA-4F1A-B6A4-E7C8ACCA457D}.Debug|x64.Build.0 = Debug|Any CPU
		{7D1DC082-5DBA-4F1A-B6A4-E7C8ACCA457D}.Debug|x86.ActiveCfg = Debug|Any CPU
		{7D1DC082-5DBA-4F1A-B6A4-E7C8ACCA457D}.Debug|x86.Build.0 = Debug|Any CPU
		{7D1DC082-5DBA-4F1A-B6A4-E7C8ACCA457D}.Release|Any CPU.ActiveCfg = Release|Any CPU
		{7D1DC082-5DBA-4F1A-B6A4-E7C8ACCA457D}.Release|Any CPU.Build.0 = Release|Any CPU
		{7D1DC082-5DBA-4F1A-B6A4-E7C8ACCA457D}.Release|x64.ActiveCfg = Release|Any CPU
		{7D1DC082-5DBA-4F1A-B6A4-E7C8ACCA457D}.Release|x64.Build.0 = Release|Any CPU
		{7D1DC082-5DBA-4F1A-B6A4-E7C8ACCA457D}.Release|x86.ActiveCfg = Release|Any CPU
		{7D1DC082-5DBA-4F1A-B6A4-E7C8ACCA457D}.Release|x86.Build.0 = Release|Any CPU
		{648AE39A-F645-4D15-B60E-E39BC45F99D3}.Debug|Any CPU.ActiveCfg = Debug|Any CPU
		{648AE39A-F645-4D15-B60E-E39BC45F99D3}.Debug|Any CPU.Build.0 = Debug|Any CPU
		{648AE39A-F645-4D15-B60E-E39BC45F99D3}.Debug|x64.ActiveCfg = Debug|Any CPU
		{648AE39A-F645-4D15-B60E-E39BC45F99D3}.Debug|x64.Build.0 = Debug|Any CPU
		{648AE39A-F645-4D15-B60E-E39BC45F99D3}.Debug|x86.ActiveCfg = Debug|Any CPU
		{648AE39A-F645-4D15-B60E-E39BC45F99D3}.Debug|x86.Build.0 = Debug|Any CPU
		{648AE39A-F645-4D15-B60E-E39BC45F99D3}.Release|Any CPU.ActiveCfg = Release|Any CPU
		{648AE39A-F645-4D15-B60E-E39BC45F99D3}.Release|Any CPU.Build.0 = Release|Any CPU
		{648AE39A-F645-4D15-B60E-E39BC45F99D3}.Release|x64.ActiveCfg = Release|Any CPU
		{648AE39A-F645-4D15-B60E-E39BC45F99D3}.Release|x64.Build.0 = Release|Any CPU
		{648AE39A-F645-4D15-B60E-E39BC45F99D3}.Release|x86.ActiveCfg = Release|Any CPU
		{648AE39A-F645-4D15-B60E-E39BC45F99D3}.Release|x86.Build.0 = Release|Any CPU
	EndGlobalSection
EndGlobal
